{
  "version": 4,
  "terraform_version": "1.11.2",
  "serial": 67,
  "lineage": "273171d8-b6fe-bb4e-d81f-ac8d40a28aa0",
  "outputs": {},
  "resources": [
    {
      "mode": "managed",
      "type": "azurerm_network_interface",
      "name": "vincent_nic",
      "provider": "provider[\"registry.terraform.io/hashicorp/azurerm\"]",
      "instances": [
        {
          "schema_version": 0,
          "attributes": {
            "accelerated_networking_enabled": false,
            "applied_dns_servers": [],
            "auxiliary_mode": "",
            "auxiliary_sku": "",
            "dns_servers": [],
            "edge_zone": "",
            "enable_accelerated_networking": false,
            "enable_ip_forwarding": false,
            "id": "/subscriptions/d18efcbe-caa9-4004-ac2c-7312261e11de/resourceGroups/vincent-resource-group/providers/Microsoft.Network/networkInterfaces/vincentNIC",
            "internal_dns_name_label": "",
            "internal_domain_name_suffix": "cniisp25a3cutgmni2oud2xhdb.bx.internal.cloudapp.net",
            "ip_configuration": [
              {
                "gateway_load_balancer_frontend_ip_configuration_id": "",
                "name": "internal",
                "primary": true,
                "private_ip_address": "10.0.1.5",
                "private_ip_address_allocation": "Dynamic",
                "private_ip_address_version": "IPv4",
                "public_ip_address_id": "/subscriptions/d18efcbe-caa9-4004-ac2c-7312261e11de/resourceGroups/vincent-resource-group/providers/Microsoft.Network/publicIPAddresses/vincentPublicIP",
                "subnet_id": "/subscriptions/d18efcbe-caa9-4004-ac2c-7312261e11de/resourceGroups/vincent-resource-group/providers/Microsoft.Network/virtualNetworks/vincentVNet/subnets/vincentSubnet"
              }
            ],
            "ip_forwarding_enabled": false,
            "location": "eastus",
            "mac_address": "7C-1E-52-6B-28-8A",
            "name": "vincentNIC",
            "private_ip_address": "10.0.1.5",
            "private_ip_addresses": [
              "10.0.1.5"
            ],
            "resource_group_name": "vincent-resource-group",
            "tags": {},
            "timeouts": null,
            "virtual_machine_id": "/subscriptions/d18efcbe-caa9-4004-ac2c-7312261e11de/resourceGroups/vincent-resource-group/providers/Microsoft.Compute/virtualMachines/VMVincent2"
          },
          "sensitive_attributes": [],
          "private": "eyJlMmJmYjczMC1lY2FhLTExZTYtOGY4OC0zNDM2M2JjN2M0YzAiOnsiY3JlYXRlIjoxODAwMDAwMDAwMDAwLCJkZWxldGUiOjE4MDAwMDAwMDAwMDAsInJlYWQiOjMwMDAwMDAwMDAwMCwidXBkYXRlIjoxODAwMDAwMDAwMDAwfX0=",
          "dependencies": [
            "azurerm_public_ip.vincent_ip",
            "azurerm_resource_group.vincent",
            "azurerm_subnet.vincent_subnet",
            "azurerm_virtual_network.vincent_vnet"
          ]
        }
      ]
    },
    {
      "mode": "managed",
      "type": "azurerm_public_ip",
      "name": "vincent_ip",
      "provider": "provider[\"registry.terraform.io/hashicorp/azurerm\"]",
      "instances": [
        {
          "schema_version": 0,
          "attributes": {
            "allocation_method": "Static",
            "ddos_protection_mode": "VirtualNetworkInherited",
            "ddos_protection_plan_id": null,
            "domain_name_label": null,
            "edge_zone": "",
            "fqdn": null,
            "id": "/subscriptions/d18efcbe-caa9-4004-ac2c-7312261e11de/resourceGroups/vincent-resource-group/providers/Microsoft.Network/publicIPAddresses/vincentPublicIP",
            "idle_timeout_in_minutes": 4,
            "ip_address": "172.173.143.79",
            "ip_tags": {},
            "ip_version": "IPv4",
            "location": "eastus",
            "name": "vincentPublicIP",
            "public_ip_prefix_id": null,
            "resource_group_name": "vincent-resource-group",
            "reverse_fqdn": null,
            "sku": "Basic",
            "sku_tier": "Regional",
            "tags": {
              "environment": "Dev"
            },
            "timeouts": null,
            "zones": []
          },
          "sensitive_attributes": [],
          "private": "eyJlMmJmYjczMC1lY2FhLTExZTYtOGY4OC0zNDM2M2JjN2M0YzAiOnsiY3JlYXRlIjoxODAwMDAwMDAwMDAwLCJkZWxldGUiOjE4MDAwMDAwMDAwMDAsInJlYWQiOjMwMDAwMDAwMDAwMCwidXBkYXRlIjoxODAwMDAwMDAwMDAwfX0=",
          "dependencies": [
            "azurerm_resource_group.vincent"
          ]
        }
      ]
    },
    {
      "mode": "managed",
      "type": "azurerm_resource_group",
      "name": "vincent",
      "provider": "provider[\"registry.terraform.io/hashicorp/azurerm\"]",
      "instances": [
        {
          "schema_version": 0,
          "attributes": {
            "id": "/subscriptions/d18efcbe-caa9-4004-ac2c-7312261e11de/resourceGroups/vincent-resource-group",
            "location": "eastus",
            "managed_by": "",
            "name": "vincent-resource-group",
            "tags": {},
            "timeouts": null
          },
          "sensitive_attributes": [],
          "private": "eyJlMmJmYjczMC1lY2FhLTExZTYtOGY4OC0zNDM2M2JjN2M0YzAiOnsiY3JlYXRlIjo1NDAwMDAwMDAwMDAwLCJkZWxldGUiOjU0MDAwMDAwMDAwMDAsInJlYWQiOjMwMDAwMDAwMDAwMCwidXBkYXRlIjo1NDAwMDAwMDAwMDAwfX0="
        }
      ]
    },
    {
      "mode": "managed",
      "type": "azurerm_ssh_public_key",
      "name": "vincent_ssh_key",
      "provider": "provider[\"registry.terraform.io/hashicorp/azurerm\"]",
      "instances": [
        {
          "schema_version": 0,
          "attributes": {
            "id": "/subscriptions/d18efcbe-caa9-4004-ac2c-7312261e11de/resourceGroups/vincent-resource-group/providers/Microsoft.Compute/sshPublicKeys/vincentSSHKey",
            "location": "eastus",
            "name": "vincentSSHKey",
            "public_key": "ssh-rsa AAAAB3NzaC1yc2EAAAADAQABAAABgQDRgb+L/T20Q1TKDDQfGZAbD393ook8Mbt7hbXKZbIBOaJQ72Xf74YhqmHMCYNyuNtv6CNvLhmEIbfnLRrZd55VmuHhfNNy0sTdM7xV3EgIo9PCH3u7ddHQTORjDX8cX8g9gZt2JGs99z0YB6uBsItb+5K7l65l3S5YGcXdPi8JhLAMSAf0XZfKsXAHFlYCHqpm4tI6Ztg6Ay9PRPGUy0Z+Z4HTcX0z7LviXcuxOu4i0IRRFgwGjNK5Dyx2weLo6rIxmJrtUs3nEKF3SsuzYVizjGcObNZ38p/KYxB/SObFZyxjAOWtec4HxP1YMlnzJNyKpCuiTjJox+cocEonF40k9sKJ2+9qdvf3ayrQ1epOIVxT/VaKZVJNUJTrgjYstkCdHgwtOlf0kL/TSIgKYLsr7jqkgcOVEO3Tzaxi+qTwN/YWmIOwxGaZpEqX73R67eSOYksAIX1kC8uTKi3XbkHRdvxkX+SrTu7UdqC0yyraA5L4PMWHtIw+9xauZH/mJA8= murie@MSI\r\n",
            "resource_group_name": "vincent-resource-group",
            "tags": null,
            "timeouts": null
          },
          "sensitive_attributes": [],
          "private": "eyJlMmJmYjczMC1lY2FhLTExZTYtOGY4OC0zNDM2M2JjN2M0YzAiOnsiY3JlYXRlIjoyNzAwMDAwMDAwMDAwLCJkZWxldGUiOjI3MDAwMDAwMDAwMDAsInJlYWQiOjMwMDAwMDAwMDAwMCwidXBkYXRlIjoyNzAwMDAwMDAwMDAwfX0=",
          "dependencies": [
            "azurerm_resource_group.vincent"
          ]
        }
      ]
    },
    {
      "mode": "managed",
      "type": "azurerm_subnet",
      "name": "vincent_subnet",
      "provider": "provider[\"registry.terraform.io/hashicorp/azurerm\"]",
      "instances": [
        {
          "schema_version": 0,
          "attributes": {
            "address_prefixes": [
              "10.0.1.0/24"
            ],
            "default_outbound_access_enabled": true,
            "delegation": [],
            "enforce_private_link_endpoint_network_policies": false,
            "enforce_private_link_service_network_policies": false,
            "id": "/subscriptions/d18efcbe-caa9-4004-ac2c-7312261e11de/resourceGroups/vincent-resource-group/providers/Microsoft.Network/virtualNetworks/vincentVNet/subnets/vincentSubnet",
            "name": "vincentSubnet",
            "private_endpoint_network_policies": "Enabled",
            "private_endpoint_network_policies_enabled": true,
            "private_link_service_network_policies_enabled": true,
            "resource_group_name": "vincent-resource-group",
            "service_endpoint_policy_ids": [],
            "service_endpoints": [],
            "timeouts": null,
            "virtual_network_name": "vincentVNet"
          },
          "sensitive_attributes": [],
          "private": "eyJlMmJmYjczMC1lY2FhLTExZTYtOGY4OC0zNDM2M2JjN2M0YzAiOnsiY3JlYXRlIjoxODAwMDAwMDAwMDAwLCJkZWxldGUiOjE4MDAwMDAwMDAwMDAsInJlYWQiOjMwMDAwMDAwMDAwMCwidXBkYXRlIjoxODAwMDAwMDAwMDAwfX0=",
          "dependencies": [
            "azurerm_resource_group.vincent",
            "azurerm_virtual_network.vincent_vnet"
          ]
        }
      ]
    },
    {
      "mode": "managed",
      "type": "azurerm_virtual_machine",
      "name": "vincent_vm",
      "provider": "provider[\"registry.terraform.io/hashicorp/azurerm\"]",
      "instances": [
        {
          "schema_version": 0,
          "attributes": {
            "additional_capabilities": [],
            "availability_set_id": null,
            "boot_diagnostics": [],
            "delete_data_disks_on_termination": true,
            "delete_os_disk_on_termination": true,
            "id": "/subscriptions/d18efcbe-caa9-4004-ac2c-7312261e11de/resourceGroups/vincent-resource-group/providers/Microsoft.Compute/virtualMachines/VMVincent2",
            "identity": [],
            "license_type": null,
            "location": "eastus",
            "name": "VMVincent2",
            "network_interface_ids": [
              "/subscriptions/d18efcbe-caa9-4004-ac2c-7312261e11de/resourceGroups/vincent-resource-group/providers/Microsoft.Network/networkInterfaces/vincentNIC"
            ],
            "os_profile": [
              {
                "admin_password": "",
                "admin_username": "testadmin",
                "computer_name": "hostnameVincent",
                "custom_data": ""
              }
            ],
            "os_profile_linux_config": [
              {
                "disable_password_authentication": true,
                "ssh_keys": [
                  {
                    "key_data": "ssh-rsa AAAAB3NzaC1yc2EAAAADAQABAAABgQDRgb+L/T20Q1TKDDQfGZAbD393ook8Mbt7hbXKZbIBOaJQ72Xf74YhqmHMCYNyuNtv6CNvLhmEIbfnLRrZd55VmuHhfNNy0sTdM7xV3EgIo9PCH3u7ddHQTORjDX8cX8g9gZt2JGs99z0YB6uBsItb+5K7l65l3S5YGcXdPi8JhLAMSAf0XZfKsXAHFlYCHqpm4tI6Ztg6Ay9PRPGUy0Z+Z4HTcX0z7LviXcuxOu4i0IRRFgwGjNK5Dyx2weLo6rIxmJrtUs3nEKF3SsuzYVizjGcObNZ38p/KYxB/SObFZyxjAOWtec4HxP1YMlnzJNyKpCuiTjJox+cocEonF40k9sKJ2+9qdvf3ayrQ1epOIVxT/VaKZVJNUJTrgjYstkCdHgwtOlf0kL/TSIgKYLsr7jqkgcOVEO3Tzaxi+qTwN/YWmIOwxGaZpEqX73R67eSOYksAIX1kC8uTKi3XbkHRdvxkX+SrTu7UdqC0yyraA5L4PMWHtIw+9xauZH/mJA8= murie@MSI\r\n",
                    "path": "/home/testadmin/.ssh/authorized_keys"
                  }
                ]
              }
            ],
            "os_profile_secrets": [],
            "os_profile_windows_config": [],
            "plan": [],
            "primary_network_interface_id": null,
            "proximity_placement_group_id": null,
            "resource_group_name": "vincent-resource-group",
            "storage_data_disk": [],
            "storage_image_reference": [
              {
                "id": "",
                "offer": "UbuntuServer",
                "publisher": "Canonical",
                "sku": "18.04-LTS",
                "version": "latest"
              }
            ],
            "storage_os_disk": [
              {
                "caching": "ReadWrite",
                "create_option": "FromImage",
                "disk_size_gb": 30,
                "image_uri": "",
                "managed_disk_id": "/subscriptions/d18efcbe-caa9-4004-ac2c-7312261e11de/resourceGroups/vincent-resource-group/providers/Microsoft.Compute/disks/myOsDisk",
                "managed_disk_type": "Standard_LRS",
                "name": "myOsDisk",
                "os_type": "Linux",
                "vhd_uri": "",
                "write_accelerator_enabled": false
              }
            ],
            "tags": {
              "environment": "Dev"
            },
            "timeouts": null,
            "vm_size": "Standard_B1ls",
            "zones": []
          },
          "sensitive_attributes": [
            [
              {
                "type": "get_attr",
                "value": "os_profile"
              }
            ]
          ],
          "private": "eyJlMmJmYjczMC1lY2FhLTExZTYtOGY4OC0zNDM2M2JjN2M0YzAiOnsiY3JlYXRlIjozNjAwMDAwMDAwMDAwLCJkZWxldGUiOjM2MDAwMDAwMDAwMDAsInJlYWQiOjMwMDAwMDAwMDAwMCwidXBkYXRlIjozNjAwMDAwMDAwMDAwfX0=",
          "dependencies": [
            "azurerm_network_interface.vincent_nic",
            "azurerm_public_ip.vincent_ip",
            "azurerm_resource_group.vincent",
            "azurerm_ssh_public_key.vincent_ssh_key",
            "azurerm_subnet.vincent_subnet",
            "azurerm_virtual_network.vincent_vnet"
          ]
        }
      ]
    },
    {
      "mode": "managed",
      "type": "azurerm_virtual_network",
      "name": "vincent_vnet",
      "provider": "provider[\"registry.terraform.io/hashicorp/azurerm\"]",
      "instances": [
        {
          "schema_version": 0,
          "attributes": {
            "address_space": [
              "10.0.0.0/16"
            ],
            "bgp_community": "",
            "ddos_protection_plan": [],
            "dns_servers": [],
            "edge_zone": "",
            "encryption": [],
            "flow_timeout_in_minutes": 0,
            "guid": "3f895013-079f-4945-998d-471d41f2e719",
            "id": "/subscriptions/d18efcbe-caa9-4004-ac2c-7312261e11de/resourceGroups/vincent-resource-group/providers/Microsoft.Network/virtualNetworks/vincentVNet",
            "location": "eastus",
            "name": "vincentVNet",
            "resource_group_name": "vincent-resource-group",
            "subnet": [
              {
                "address_prefix": "10.0.1.0/24",
                "id": "/subscriptions/d18efcbe-caa9-4004-ac2c-7312261e11de/resourceGroups/vincent-resource-group/providers/Microsoft.Network/virtualNetworks/vincentVNet/subnets/vincentSubnet",
                "name": "vincentSubnet",
                "security_group": ""
              }
            ],
            "tags": {
              "environment": "Dev"
            },
            "timeouts": null
          },
          "sensitive_attributes": [],
          "private": "eyJlMmJmYjczMC1lY2FhLTExZTYtOGY4OC0zNDM2M2JjN2M0YzAiOnsiY3JlYXRlIjoxODAwMDAwMDAwMDAwLCJkZWxldGUiOjE4MDAwMDAwMDAwMDAsInJlYWQiOjMwMDAwMDAwMDAwMCwidXBkYXRlIjoxODAwMDAwMDAwMDAwfX0=",
          "dependencies": [
            "azurerm_resource_group.vincent"
          ]
        }
      ]
    }
  ],
  "check_results": null
}
